# This file is automatically @generated by Cargo.
# It is not intended for manual editing.
version = 4

[[package]]
name = "dive-deco"
version = "6.1.2"
source = "registry+https://github.com/rust-lang/crates.io-index"
checksum = "b9e663d996ae9ff1a9b42126adfb3b9a8b34dd475f89b517b8906ba86475934e"

[[package]]
name = "oracle"
version = "0.1.0"
dependencies = [
 "dive-deco",
]
